
Microsoft Visual Studio Solution File, Format Version 12.00
# Visual Studio Version 17
VisualStudioVersion = 17.14.36603.0 d17.14
MinimumVisualStudioVersion = 10.0.40219.1
Project("{FAE04EC0-301F-11D3-BF4B-00C04F79EFBC}") = "ABC Pharmacy_Management_System", "ABC Pharmacy_Management_System\ABC Pharmacy_Management_System.csproj", "{B9ABFE2B-D0D3-4CB6-BCD2-567FCC43B725}"
EndProject
Global
	GlobalSection(SolutionConfigurationPlatforms) = preSolution
		Debug|Any CPU = Debug|Any CPU
		Release|Any CPU = Release|Any CPU
	EndGlobalSection
	GlobalSection(ProjectConfigurationPlatforms) = postSolution
		{B9ABFE2B-D0D3-4CB6-BCD2-567FCC43B725}.Debug|Any CPU.ActiveCfg = Debug|Any CPU
		{B9ABFE2B-D0D3-4CB6-BCD2-567FCC43B725}.Debug|Any CPU.Build.0 = Debug|Any CPU
		{B9ABFE2B-D0D3-4CB6-BCD2-567FCC43B725}.Release|Any CPU.ActiveCfg = Release|Any CPU
		{B9ABFE2B-D0D3-4CB6-BCD2-567FCC43B725}.Release|Any CPU.Build.0 = Release|Any CPU
	EndGlobalSection
	GlobalSection(SolutionProperties) = preSolution
		HideSolutionNode = FALSE
	EndGlobalSection
	GlobalSection(ExtensibilityGlobals) = postSolution
		SolutionGuid = {0354F898-DAF5-41C9-8A63-6F0ACC59D36B}
	EndGlobalSection
EndGlobal
